PODS:
  - A0Auth0 (1.6.0):
    - React
  - AppCenter (1.13.2):
    - AppCenter/Analytics (= 1.13.2)
    - AppCenter/Crashes (= 1.13.2)
  - AppCenter/Analytics (1.13.2):
    - AppCenter/Core
  - AppCenter/Core (1.13.2)
  - AppCenter/Crashes (1.13.2):
    - AppCenter/Core
  - AppCenterReactNativeShared (1.12.2):
    - AppCenter/Core (= 1.13.2)
  - Auth0 (1.14.2):
    - SimpleKeychain
  - boost-for-react-native (1.63.0)
  - BVLinearGradient (2.4.0):
    - React
  - DoubleConversion (1.1.6)
  - FBLazyVector (0.61.1)
  - FBReactNativeSpec (0.61.1):
    - Folly (= 2018.10.22.00)
    - RCTRequired (= 0.61.1)
    - RCTTypeSafety (= 0.61.1)
    - React-Core (= 0.61.1)
    - React-jsi (= 0.61.1)
    - ReactCommon/turbomodule/core (= 0.61.1)
  - Folly (2018.10.22.00):
    - boost-for-react-native
    - DoubleConversion
    - glog
  - glog (0.3.5)
  - libwebp (1.0.3):
    - libwebp/demux (= 1.0.3)
    - libwebp/mux (= 1.0.3)
    - libwebp/webp (= 1.0.3)
  - libwebp/demux (1.0.3):
    - libwebp/webp
  - libwebp/mux (1.0.3):
    - libwebp/demux
  - libwebp/webp (1.0.3)
  - lottie-ios (2.5.3)
  - lottie-react-native (2.6.1):
    - lottie-ios (~> 2.5.0)
    - React
  - ObjectiveRocks (0.9.0)
  - PINCache (3.0.1-beta.6):
    - PINCache/Arc-exception-safe (= 3.0.1-beta.6)
    - PINCache/Core (= 3.0.1-beta.6)
  - PINCache/Arc-exception-safe (3.0.1-beta.6):
    - PINCache/Core
  - PINCache/Core (3.0.1-beta.6):
    - PINOperation (~> 1.1.0)
  - PINOperation (1.1.2)
  - PINRemoteImage/Core (3.0.0-beta.13):
    - PINOperation
  - PINRemoteImage/iOS (3.0.0-beta.13):
    - PINRemoteImage/Core
  - PINRemoteImage/PINCache (3.0.0-beta.13):
    - PINCache (= 3.0.1-beta.6)
    - PINRemoteImage/Core
  - QBImagePickerController (3.4.0)
  - RCTRequired (0.61.1)
  - RCTRestart (0.0.8):
    - React
  - RCTTypeSafety (0.61.1):
    - FBLazyVector (= 0.61.1)
    - Folly (= 2018.10.22.00)
    - RCTRequired (= 0.61.1)
    - React-Core (= 0.61.1)
  - ReachabilitySwift (4.3.1)
  - React (0.61.1):
    - React-Core (= 0.61.1)
    - React-Core/DevSupport (= 0.61.1)
    - React-Core/RCTWebSocket (= 0.61.1)
    - React-RCTActionSheet (= 0.61.1)
    - React-RCTAnimation (= 0.61.1)
    - React-RCTBlob (= 0.61.1)
    - React-RCTImage (= 0.61.1)
    - React-RCTLinking (= 0.61.1)
    - React-RCTNetwork (= 0.61.1)
    - React-RCTSettings (= 0.61.1)
    - React-RCTText (= 0.61.1)
    - React-RCTVibration (= 0.61.1)
  - React-Core (0.61.1):
    - Folly (= 2018.10.22.00)
    - glog
    - React-Core/Default (= 0.61.1)
    - React-cxxreact (= 0.61.1)
    - React-jsi (= 0.61.1)
    - React-jsiexecutor (= 0.61.1)
    - Yoga
  - React-Core/CoreModulesHeaders (0.61.1):
    - Folly (= 2018.10.22.00)
    - glog
    - React-Core/Default
    - React-cxxreact (= 0.61.1)
    - React-jsi (= 0.61.1)
    - React-jsiexecutor (= 0.61.1)
    - Yoga
  - React-Core/Default (0.61.1):
    - Folly (= 2018.10.22.00)
    - glog
    - React-cxxreact (= 0.61.1)
    - React-jsi (= 0.61.1)
    - React-jsiexecutor (= 0.61.1)
    - Yoga
  - React-Core/DevSupport (0.61.1):
    - Folly (= 2018.10.22.00)
    - glog
    - React-Core/Default (= 0.61.1)
    - React-Core/RCTWebSocket (= 0.61.1)
    - React-cxxreact (= 0.61.1)
    - React-jsi (= 0.61.1)
    - React-jsiexecutor (= 0.61.1)
    - React-jsinspector (= 0.61.1)
    - Yoga
  - React-Core/RCTActionSheetHeaders (0.61.1):
    - Folly (= 2018.10.22.00)
    - glog
    - React-Core/Default
    - React-cxxreact (= 0.61.1)
    - React-jsi (= 0.61.1)
    - React-jsiexecutor (= 0.61.1)
    - Yoga
  - React-Core/RCTAnimationHeaders (0.61.1):
    - Folly (= 2018.10.22.00)
    - glog
    - React-Core/Default
    - React-cxxreact (= 0.61.1)
    - React-jsi (= 0.61.1)
    - React-jsiexecutor (= 0.61.1)
    - Yoga
  - React-Core/RCTBlobHeaders (0.61.1):
    - Folly (= 2018.10.22.00)
    - glog
    - React-Core/Default
    - React-cxxreact (= 0.61.1)
    - React-jsi (= 0.61.1)
    - React-jsiexecutor (= 0.61.1)
    - Yoga
  - React-Core/RCTImageHeaders (0.61.1):
    - Folly (= 2018.10.22.00)
    - glog
    - React-Core/Default
    - React-cxxreact (= 0.61.1)
    - React-jsi (= 0.61.1)
    - React-jsiexecutor (= 0.61.1)
    - Yoga
  - React-Core/RCTLinkingHeaders (0.61.1):
    - Folly (= 2018.10.22.00)
    - glog
    - React-Core/Default
    - React-cxxreact (= 0.61.1)
    - React-jsi (= 0.61.1)
    - React-jsiexecutor (= 0.61.1)
    - Yoga
  - React-Core/RCTNetworkHeaders (0.61.1):
    - Folly (= 2018.10.22.00)
    - glog
    - React-Core/Default
    - React-cxxreact (= 0.61.1)
    - React-jsi (= 0.61.1)
    - React-jsiexecutor (= 0.61.1)
    - Yoga
  - React-Core/RCTPushNotificationHeaders (0.61.1):
    - Folly (= 2018.10.22.00)
    - glog
    - React-Core/Default
    - React-cxxreact (= 0.61.1)
    - React-jsi (= 0.61.1)
    - React-jsiexecutor (= 0.61.1)
    - Yoga
  - React-Core/RCTSettingsHeaders (0.61.1):
    - Folly (= 2018.10.22.00)
    - glog
    - React-Core/Default
    - React-cxxreact (= 0.61.1)
    - React-jsi (= 0.61.1)
    - React-jsiexecutor (= 0.61.1)
    - Yoga
  - React-Core/RCTTextHeaders (0.61.1):
    - Folly (= 2018.10.22.00)
    - glog
    - React-Core/Default
    - React-cxxreact (= 0.61.1)
    - React-jsi (= 0.61.1)
    - React-jsiexecutor (= 0.61.1)
    - Yoga
  - React-Core/RCTVibrationHeaders (0.61.1):
    - Folly (= 2018.10.22.00)
    - glog
    - React-Core/Default
    - React-cxxreact (= 0.61.1)
    - React-jsi (= 0.61.1)
    - React-jsiexecutor (= 0.61.1)
    - Yoga
  - React-Core/RCTWebSocket (0.61.1):
    - Folly (= 2018.10.22.00)
    - glog
    - React-Core/Default (= 0.61.1)
    - React-cxxreact (= 0.61.1)
    - React-jsi (= 0.61.1)
    - React-jsiexecutor (= 0.61.1)
    - Yoga
  - React-CoreModules (0.61.1):
    - FBReactNativeSpec (= 0.61.1)
    - Folly (= 2018.10.22.00)
    - RCTTypeSafety (= 0.61.1)
    - React-Core/CoreModulesHeaders (= 0.61.1)
    - React-RCTImage (= 0.61.1)
    - ReactCommon/turbomodule/core (= 0.61.1)
  - React-cxxreact (0.61.1):
    - boost-for-react-native (= 1.63.0)
    - DoubleConversion
    - Folly (= 2018.10.22.00)
    - glog
    - React-jsinspector (= 0.61.1)
  - React-jsi (0.61.1):
    - boost-for-react-native (= 1.63.0)
    - DoubleConversion
    - Folly (= 2018.10.22.00)
    - glog
    - React-jsi/Default (= 0.61.1)
  - React-jsi/Default (0.61.1):
    - boost-for-react-native (= 1.63.0)
    - DoubleConversion
    - Folly (= 2018.10.22.00)
    - glog
  - React-jsiexecutor (0.61.1):
    - DoubleConversion
    - Folly (= 2018.10.22.00)
    - glog
    - React-cxxreact (= 0.61.1)
    - React-jsi (= 0.61.1)
  - React-jsinspector (0.61.1)
  - react-native-background-timer (2.1.1):
    - React
  - react-native-blur (0.8.0):
    - React
  - react-native-document-picker (2.2.0):
    - React
  - react-native-haptic-feedback (1.7.1):
    - React
  - react-native-image-picker (0.14.3):
    - React
  - react-native-pdf (5.1.0):
    - React
  - react-native-sqlite-storage (3.3.10):
    - React
  - react-native-video (4.4.4):
    - React
    - react-native-video/Video (= 4.4.4)
  - react-native-video/Video (4.4.4):
    - React
  - react-native-webrtc (1.75.0):
    - React
  - React-RCTActionSheet (0.61.1):
    - React-Core/RCTActionSheetHeaders (= 0.61.1)
  - React-RCTAnimation (0.61.1):
    - React-Core/RCTAnimationHeaders (= 0.61.1)
  - React-RCTBlob (0.61.1):
    - React-Core/RCTBlobHeaders (= 0.61.1)
    - React-Core/RCTWebSocket (= 0.61.1)
    - React-jsi (= 0.61.1)
    - React-RCTNetwork (= 0.61.1)
  - React-RCTImage (0.61.1):
    - React-Core/RCTImageHeaders (= 0.61.1)
    - React-RCTNetwork (= 0.61.1)
  - React-RCTLinking (0.61.1):
    - React-Core/RCTLinkingHeaders (= 0.61.1)
  - React-RCTNetwork (0.61.1):
    - React-Core/RCTNetworkHeaders (= 0.61.1)
  - React-RCTPushNotification (0.61.1):
    - React-Core/RCTPushNotificationHeaders (= 0.61.1)
  - React-RCTSettings (0.61.1):
    - React-Core/RCTSettingsHeaders (= 0.61.1)
  - React-RCTText (0.61.1):
    - React-Core/RCTTextHeaders (= 0.61.1)
  - React-RCTVibration (0.61.1):
    - React-Core/RCTVibrationHeaders (= 0.61.1)
  - ReactCommon/jscallinvoker (0.61.1):
    - DoubleConversion
    - Folly (= 2018.10.22.00)
    - glog
    - React-cxxreact (= 0.61.1)
  - ReactCommon/turbomodule/core (0.61.1):
    - DoubleConversion
    - Folly (= 2018.10.22.00)
    - glog
    - React-Core (= 0.61.1)
    - React-cxxreact (= 0.61.1)
    - React-jsi (= 0.61.1)
    - ReactCommon/jscallinvoker (= 0.61.1)
  - ReactNativeIncallManager (3.2.2):
    - React
  - ReactNativePermissions (1.1.1):
    - React
  - rn-fetch-blob (0.11.2):
    - React-Core
  - RNDeviceInfo (0.21.5):
    - React
  - RNFastImage (7.0.2):
    - React
    - SDWebImage (~> 5.0)
    - SDWebImageWebPCoder (~> 0.2.3)
  - RNGestureHandler (1.4.1):
    - React
  - RNImageCropPicker (0.25.2):
    - QBImagePickerController
    - React-Core
    - React-RCTImage
    - RSKImageCropper
  - RNRate (1.0.1):
    - React
  - RNShare (2.0.0):
    - React
  - RSKImageCropper (2.2.3)
  - SDWebImage (5.1.1):
    - SDWebImage/Core (= 5.1.1)
  - SDWebImage/Core (5.1.1)
  - SDWebImageWebPCoder (0.2.4):
    - libwebp (~> 1.0)
    - SDWebImage/Core (~> 5.0)
  - SimpleKeychain (0.9.0)
  - Starscream (3.0.6)
  - SwiftyJSON (4.3.0)
  - Texture (2.7):
    - Texture/PINRemoteImage (= 2.7)
  - Texture/Core (2.7)
  - Texture/PINRemoteImage (2.7):
    - PINRemoteImage/iOS (= 3.0.0-beta.13)
    - PINRemoteImage/PINCache
    - Texture/Core
  - Yoga (1.14.0)

DEPENDENCIES:
  - A0Auth0 (from `../node_modules/react-native-auth0`)
  - AppCenter (~> 1.13.0)
  - AppCenter/Analytics (~> 1.13.0)
  - AppCenter/Crashes (~> 1.13.0)
  - AppCenterReactNativeShared (~> 1.12.0)
  - Auth0 (~> 1.14.2)
  - BVLinearGradient (from `../node_modules/react-native-linear-gradient`)
  - DoubleConversion (from `../node_modules/react-native/third-party-podspecs/DoubleConversion.podspec`)
  - FBLazyVector (from `../node_modules/react-native/Libraries/FBLazyVector`)
  - FBReactNativeSpec (from `../node_modules/react-native/Libraries/FBReactNativeSpec`)
  - Folly (from `../node_modules/react-native/third-party-podspecs/Folly.podspec`)
  - glog (from `../node_modules/react-native/third-party-podspecs/glog.podspec`)
  - lottie-react-native (from `../node_modules/lottie-react-native`)
  - ObjectiveRocks (~> 0.9)
  - RCTRequired (from `../node_modules/react-native/Libraries/RCTRequired`)
  - RCTRestart (from `../node_modules/react-native-restart/ios`)
  - RCTTypeSafety (from `../node_modules/react-native/Libraries/TypeSafety`)
  - ReachabilitySwift
  - React (from `../node_modules/react-native/`)
  - React-Core (from `../node_modules/react-native/`)
  - React-Core/DevSupport (from `../node_modules/react-native/`)
  - React-Core/RCTWebSocket (from `../node_modules/react-native/`)
  - React-CoreModules (from `../node_modules/react-native/React/CoreModules`)
  - React-cxxreact (from `../node_modules/react-native/ReactCommon/cxxreact`)
  - React-jsi (from `../node_modules/react-native/ReactCommon/jsi`)
  - React-jsiexecutor (from `../node_modules/react-native/ReactCommon/jsiexecutor`)
  - React-jsinspector (from `../node_modules/react-native/ReactCommon/jsinspector`)
  - react-native-background-timer (from `../node_modules/react-native-background-timer`)
  - react-native-blur (from `../node_modules/react-native-blur`)
  - react-native-document-picker (from `../node_modules/react-native-document-picker`)
  - react-native-haptic-feedback (from `../node_modules/react-native-haptic-feedback`)
  - react-native-image-picker (from `../node_modules/react-native-image-picker`)
  - react-native-pdf (from `../node_modules/react-native-pdf`)
  - react-native-sqlite-storage (from `../node_modules/react-native-sqlite-storage`)
  - react-native-video (from `../node_modules/react-native-video/react-native-video.podspec`)
  - react-native-webrtc (from `../node_modules/react-native-webrtc`)
  - React-RCTActionSheet (from `../node_modules/react-native/Libraries/ActionSheetIOS`)
  - React-RCTAnimation (from `../node_modules/react-native/Libraries/NativeAnimation`)
  - React-RCTBlob (from `../node_modules/react-native/Libraries/Blob`)
  - React-RCTImage (from `../node_modules/react-native/Libraries/Image`)
  - React-RCTLinking (from `../node_modules/react-native/Libraries/LinkingIOS`)
  - React-RCTNetwork (from `../node_modules/react-native/Libraries/Network`)
  - React-RCTPushNotification (from `../node_modules/react-native/Libraries/PushNotificationIOS`)
  - React-RCTSettings (from `../node_modules/react-native/Libraries/Settings`)
  - React-RCTText (from `../node_modules/react-native/Libraries/Text`)
  - React-RCTVibration (from `../node_modules/react-native/Libraries/Vibration`)
  - ReactCommon/jscallinvoker (from `../node_modules/react-native/ReactCommon`)
  - ReactCommon/turbomodule/core (from `../node_modules/react-native/ReactCommon`)
  - ReactNativeIncallManager (from `../node_modules/react-native-incall-manager`)
  - ReactNativePermissions (from `../node_modules/react-native-permissions`)
  - rn-fetch-blob (from `../node_modules/rn-fetch-blob`)
  - RNDeviceInfo (from `../node_modules/react-native-device-info`)
  - RNFastImage (from `../node_modules/react-native-fast-image`)
  - RNGestureHandler (from `../node_modules/react-native-gesture-handler`)
  - RNImageCropPicker (from `../node_modules/react-native-image-crop-picker`)
  - RNRate (from `../node_modules/react-native-rate/ios`)
  - RNShare (from `../node_modules/react-native-share`)
  - Starscream (~> 3.0.2)
  - SwiftyJSON (~> 4.0)
  - Texture (= 2.7)
  - Yoga (from `../node_modules/react-native/ReactCommon/yoga`)

SPEC REPOS:
  https://github.com/CocoaPods/Specs.git:
    - AppCenter
    - AppCenterReactNativeShared
    - Auth0
    - boost-for-react-native
    - libwebp
    - lottie-ios
    - ObjectiveRocks
    - PINCache
    - PINOperation
    - PINRemoteImage
    - QBImagePickerController
    - ReachabilitySwift
    - RSKImageCropper
    - SDWebImage
    - SDWebImageWebPCoder
    - SimpleKeychain
    - Starscream
    - SwiftyJSON
    - Texture

EXTERNAL SOURCES:
  A0Auth0:
    :path: "../node_modules/react-native-auth0"
  BVLinearGradient:
    :path: "../node_modules/react-native-linear-gradient"
  DoubleConversion:
    :podspec: "../node_modules/react-native/third-party-podspecs/DoubleConversion.podspec"
  FBLazyVector:
    :path: "../node_modules/react-native/Libraries/FBLazyVector"
  FBReactNativeSpec:
    :path: "../node_modules/react-native/Libraries/FBReactNativeSpec"
  Folly:
    :podspec: "../node_modules/react-native/third-party-podspecs/Folly.podspec"
  glog:
    :podspec: "../node_modules/react-native/third-party-podspecs/glog.podspec"
  lottie-react-native:
    :path: "../node_modules/lottie-react-native"
  RCTRequired:
    :path: "../node_modules/react-native/Libraries/RCTRequired"
  RCTRestart:
    :path: "../node_modules/react-native-restart/ios"
  RCTTypeSafety:
    :path: "../node_modules/react-native/Libraries/TypeSafety"
  React:
    :path: "../node_modules/react-native/"
  React-Core:
    :path: "../node_modules/react-native/"
  React-CoreModules:
    :path: "../node_modules/react-native/React/CoreModules"
  React-cxxreact:
    :path: "../node_modules/react-native/ReactCommon/cxxreact"
  React-jsi:
    :path: "../node_modules/react-native/ReactCommon/jsi"
  React-jsiexecutor:
    :path: "../node_modules/react-native/ReactCommon/jsiexecutor"
  React-jsinspector:
    :path: "../node_modules/react-native/ReactCommon/jsinspector"
  react-native-background-timer:
    :path: "../node_modules/react-native-background-timer"
  react-native-blur:
    :path: "../node_modules/react-native-blur"
  react-native-document-picker:
    :path: "../node_modules/react-native-document-picker"
  react-native-haptic-feedback:
    :path: "../node_modules/react-native-haptic-feedback"
  react-native-image-picker:
    :path: "../node_modules/react-native-image-picker"
  react-native-pdf:
    :path: "../node_modules/react-native-pdf"
  react-native-sqlite-storage:
    :path: "../node_modules/react-native-sqlite-storage"
  react-native-video:
    :path: "../node_modules/react-native-video/react-native-video.podspec"
  react-native-webrtc:
    :path: "../node_modules/react-native-webrtc"
  React-RCTActionSheet:
    :path: "../node_modules/react-native/Libraries/ActionSheetIOS"
  React-RCTAnimation:
    :path: "../node_modules/react-native/Libraries/NativeAnimation"
  React-RCTBlob:
    :path: "../node_modules/react-native/Libraries/Blob"
  React-RCTImage:
    :path: "../node_modules/react-native/Libraries/Image"
  React-RCTLinking:
    :path: "../node_modules/react-native/Libraries/LinkingIOS"
  React-RCTNetwork:
    :path: "../node_modules/react-native/Libraries/Network"
  React-RCTPushNotification:
    :path: "../node_modules/react-native/Libraries/PushNotificationIOS"
  React-RCTSettings:
    :path: "../node_modules/react-native/Libraries/Settings"
  React-RCTText:
    :path: "../node_modules/react-native/Libraries/Text"
  React-RCTVibration:
    :path: "../node_modules/react-native/Libraries/Vibration"
  ReactCommon:
    :path: "../node_modules/react-native/ReactCommon"
  ReactNativeIncallManager:
    :path: "../node_modules/react-native-incall-manager"
  ReactNativePermissions:
    :path: "../node_modules/react-native-permissions"
  rn-fetch-blob:
    :path: "../node_modules/rn-fetch-blob"
  RNDeviceInfo:
    :path: "../node_modules/react-native-device-info"
  RNFastImage:
    :path: "../node_modules/react-native-fast-image"
  RNGestureHandler:
    :path: "../node_modules/react-native-gesture-handler"
  RNImageCropPicker:
    :path: "../node_modules/react-native-image-crop-picker"
  RNRate:
    :path: "../node_modules/react-native-rate/ios"
  RNShare:
    :path: "../node_modules/react-native-share"
  Yoga:
    :path: "../node_modules/react-native/ReactCommon/yoga"

SPEC CHECKSUMS:
  A0Auth0: 3ef40effed761e80d2ecd7749cc271e0b12e3f75
  AppCenter: bce7fe1098e8e8aeb70aaae1898600534069f549
  AppCenterReactNativeShared: 6c0750b874f3242c47cb64083e23b835975c6aa2
  Auth0: df9ac013e7850052fea1dcd53fa09bb129121721
  boost-for-react-native: 39c7adb57c4e60d6c5479dd8623128eb5b3f0f2c
  BVLinearGradient: 8913bd8fdc47b85abc801ae8bae007bbfb6b4ce5
  DoubleConversion: bb338842f62ab1d708ceb63ec3d999f0f3d98ecd
  FBLazyVector: 0846affdb2924b01093eb696766ecb0104e409e0
  FBReactNativeSpec: c4cf958af1b97799b524f63a26a1c509c0295b04
  Folly: de497beb10f102453a1afa9edbf8cf8a251890de
  glog: aefd1eb5dda2ab95ba0938556f34b98e2da3a60d
  libwebp: 057912d6d0abfb6357d8bb05c0ea470301f5d61e
  lottie-ios: a50d5c0160425cd4b01b852bb9578963e6d92d31
  lottie-react-native: 3d8181d43619b1fe804c828bd5a09d20fe8bdea7
  ObjectiveRocks: b3a5c79b6757a67566413fab3486731865ff96ef
  PINCache: d195fdba255283f7e9900a55e3cced377f431f9b
  PINOperation: 24b774353ca248fcf87d67b2d61eef42087c125a
  PINRemoteImage: d6d51c5d2adda55f1ce30c96e850b6c4ebd2856a
  QBImagePickerController: d54cf93db6decf26baf6ed3472f336ef35cae022
  RCTRequired: 53825815218847d3e9c7b6d92ad2d197a926d51e
  RCTRestart: 550203a210a1df35f587856a79d35f5813c6909d
  RCTTypeSafety: d886540c518e53064dfa081bf7693fd650699b92
  ReachabilitySwift: 4032e2f59586e11e3b0ebe15b167abdd587a388b
  React: 5dea58967c421bd1fdf6b94c18b9ed0f5134683c
  React-Core: b381e65aa0da9b94b9dcdc4a99298075b1c3876c
  React-CoreModules: 4ed224e29848ba76d26aacb8e3fe85712d3c4fe1
  React-cxxreact: 52c98f5c1fb4e4d9f4b588742718350a55f4f088
  React-jsi: 61ff417c95e6c3af50fb96399037e80752fb5ce7
  React-jsiexecutor: ee45274419eb95614bbbadb98e20684c5f29996e
  React-jsinspector: 574d597112f9ea3d1b717f6fb62aef764c70dd6f
  react-native-background-timer: 1b6e6b4e10f1b74c367a1fdc3c72b67c619b222b
  react-native-blur: cad4d93b364f91e7b7931b3fa935455487e5c33c
  react-native-document-picker: da1c37bbc4ff0896986a70784808a2862d297887
  react-native-haptic-feedback: 22c9dc85fd8059f83bf9edd9212ac4bd4ae6074d
  react-native-image-picker: 3693786b3d5958c8f71deed66ec068b323565e0d
  react-native-pdf: 8cc276fd8ab7dff6b602eb65fcf0f6c145c0f524
  react-native-sqlite-storage: dba8e864e9a76f1aae6ddb5e7d0dc330d59f4bb3
  react-native-video: 8c49eca5a6087de968a05b340933b10e3b58169a
  react-native-webrtc: c5e3d631179a933548a8e49bddbd8fad02586095
  React-RCTActionSheet: af4d951113b1e068bb30611f91b984a7a73597ff
  React-RCTAnimation: 4f518d70bb6890b7c3d9d732f84786d6693ca297
  React-RCTBlob: 072a4888c08de0eef6d04eaa727d25e577e6ff26
  React-RCTImage: 78c5cdf1b2de6cd3cd650dd741868fad19a35528
  React-RCTLinking: 486ed1c9a659c7f9fea213868f8930b9a0a79f07
  React-RCTNetwork: e79599f3160b459da03447e32b8bcca1a0f0f797
  React-RCTPushNotification: 4a9c9b9d2eff654f599b830ca9237be8e502d7d4
  React-RCTSettings: 48b7c5a64ffe0c54c39d59eb7d9036e72305f95a
  React-RCTText: 81b62b4e7f11531a5154e4daa5617670d5a2d5de
  React-RCTVibration: 8be61459e3749d1fb02cf414edd05b3007622882
  ReactCommon: 4fba5be89efdf0b5720e0adb3d8d7edf6e532db0
  ReactNativeIncallManager: 7c6cbee9e809b0bea6d7d087c8bfb6e20e86f1c2
  ReactNativePermissions: b64e084dff6a5cad51587d38c306f09246246384
  rn-fetch-blob: f525a73a78df9ed5d35e67ea65e79d53c15255bc
  RNDeviceInfo: e7c5fcde13d40e161d8a27f6c5dc69c638936002
  RNFastImage: 9b0c22643872bb7494c8d87bbbb66cc4c0d9e7a2
  RNGestureHandler: 4cb47a93019c1a201df2644413a0a1569a51c8aa
  RNImageCropPicker: f675353bbe18f66113a39b319c0aeb36655a6e4c
  RNRate: 29be49c24b314c4e8ec09d848c3965f61cb0be47
  RNShare: 8b171d4b43c1d886917fdd303bf7a4b87167b05c
  RSKImageCropper: a446db0e8444a036b34f3c43db01b2373baa4b2a
  SDWebImage: 96d7f03415ccb28d299d765f93557ff8a617abd8
  SDWebImageWebPCoder: cc72085bb20368b2f8dbb21b7e355c667e1309b7
  SimpleKeychain: 3be49072fd2d82de8fa83d847ef1e548622f8fc5
  Starscream: ef3ece99d765eeccb67de105bfa143f929026cf5
  SwiftyJSON: 6faa0040f8b59dead0ee07436cbf76b73c08fd08
  Texture: 9d7e38965cf22ccd7cd9c249dd78b3f14e70ab6c
  Yoga: d8c572ddec8d05b7dba08e4e5f1924004a177078

PODFILE CHECKSUM: d08d9ded8423a949444a31ac89df894d3c3c6f9c

COCOAPODS: 1.8.4
